
Microsoft Visual Studio Solution File, Format Version 12.00
# Visual Studio Version 17
VisualStudioVersion = 17.10.35122.118
MinimumVisualStudioVersion = 10.0.40219.1
Project("{FAE04EC0-301F-11D3-BF4B-00C04F79EFBC}") = "Librerias", "Librerias\Librerias.csproj", "{7C7FE65B-9A57-421A-A528-E278DE60840E}"
EndProject
Global
	GlobalSection(SolutionConfigurationPlatforms) = preSolution
		Debug|Any CPU = Debug|Any CPU
		Release|Any CPU = Release|Any CPU
	EndGlobalSection
	GlobalSection(ProjectConfigurationPlatforms) = postSolution
		{7C7FE65B-9A57-421A-A528-E278DE60840E}.Debug|Any CPU.ActiveCfg = Debug|Any CPU
		{7C7FE65B-9A57-421A-A528-E278DE60840E}.Debug|Any CPU.Build.0 = Debug|Any CPU
		{7C7FE65B-9A57-421A-A528-E278DE60840E}.Release|Any CPU.ActiveCfg = Release|Any CPU
		{7C7FE65B-9A57-421A-A528-E278DE60840E}.Release|Any CPU.Build.0 = Release|Any CPU
	EndGlobalSection
	GlobalSection(SolutionProperties) = preSolution
		HideSolutionNode = FALSE
	EndGlobalSection
	GlobalSection(ExtensibilityGlobals) = postSolution
		SolutionGuid = {1A035D7A-CB74-4163-963E-F0154B9C3415}
	EndGlobalSection
EndGlobal
