
Microsoft Visual Studio Solution File, Format Version 12.00
# Visual Studio Version 17
VisualStudioVersion = 17.10.35122.118
MinimumVisualStudioVersion = 10.0.40219.1
Project("{FAE04EC0-301F-11D3-BF4B-00C04F79EFBC}") = "Librerias", "Librerias\Librerias.csproj", "{E2AC7CB3-B58A-4AD3-AFB8-EAC648A357F4}"
EndProject
Project("{FAE04EC0-301F-11D3-BF4B-00C04F79EFBC}") = "Formularios", "Formularios\Formularios.csproj", "{B915E73D-47EB-4E35-8E66-BCCD588C79C9}"
EndProject
Global
	GlobalSection(SolutionConfigurationPlatforms) = preSolution
		Debug|Any CPU = Debug|Any CPU
		Release|Any CPU = Release|Any CPU
	EndGlobalSection
	GlobalSection(ProjectConfigurationPlatforms) = postSolution
		{E2AC7CB3-B58A-4AD3-AFB8-EAC648A357F4}.Debug|Any CPU.ActiveCfg = Debug|Any CPU
		{E2AC7CB3-B58A-4AD3-AFB8-EAC648A357F4}.Debug|Any CPU.Build.0 = Debug|Any CPU
		{E2AC7CB3-B58A-4AD3-AFB8-EAC648A357F4}.Release|Any CPU.ActiveCfg = Release|Any CPU
		{E2AC7CB3-B58A-4AD3-AFB8-EAC648A357F4}.Release|Any CPU.Build.0 = Release|Any CPU
		{B915E73D-47EB-4E35-8E66-BCCD588C79C9}.Debug|Any CPU.ActiveCfg = Debug|Any CPU
		{B915E73D-47EB-4E35-8E66-BCCD588C79C9}.Debug|Any CPU.Build.0 = Debug|Any CPU
		{B915E73D-47EB-4E35-8E66-BCCD588C79C9}.Release|Any CPU.ActiveCfg = Release|Any CPU
		{B915E73D-47EB-4E35-8E66-BCCD588C79C9}.Release|Any CPU.Build.0 = Release|Any CPU
	EndGlobalSection
	GlobalSection(SolutionProperties) = preSolution
		HideSolutionNode = FALSE
	EndGlobalSection
	GlobalSection(ExtensibilityGlobals) = postSolution
		SolutionGuid = {E2853096-E909-4397-92EE-FD32618C0353}
	EndGlobalSection
EndGlobal
