
Microsoft Visual Studio Solution File, Format Version 12.00
# Visual Studio Version 17
VisualStudioVersion = 17.10.35122.118
MinimumVisualStudioVersion = 10.0.40219.1
Project("{9A19103F-16F7-4668-BE54-9A1E7A4F7556}") = "BibliotecaDeClases", "Evaluacion\BibliotecaDeClases.csproj", "{94B77749-A008-49A6-9D73-0C1AB0D681E3}"
EndProject
Project("{9A19103F-16F7-4668-BE54-9A1E7A4F7556}") = "Formularios", "Formularios\Formularios.csproj", "{03E0E48C-D68B-46BD-AF71-6AE28EA6D858}"
EndProject
Global
	GlobalSection(SolutionConfigurationPlatforms) = preSolution
		Debug|Any CPU = Debug|Any CPU
		Release|Any CPU = Release|Any CPU
	EndGlobalSection
	GlobalSection(ProjectConfigurationPlatforms) = postSolution
		{94B77749-A008-49A6-9D73-0C1AB0D681E3}.Debug|Any CPU.ActiveCfg = Debug|Any CPU
		{94B77749-A008-49A6-9D73-0C1AB0D681E3}.Debug|Any CPU.Build.0 = Debug|Any CPU
		{94B77749-A008-49A6-9D73-0C1AB0D681E3}.Release|Any CPU.ActiveCfg = Release|Any CPU
		{94B77749-A008-49A6-9D73-0C1AB0D681E3}.Release|Any CPU.Build.0 = Release|Any CPU
		{03E0E48C-D68B-46BD-AF71-6AE28EA6D858}.Debug|Any CPU.ActiveCfg = Debug|Any CPU
		{03E0E48C-D68B-46BD-AF71-6AE28EA6D858}.Debug|Any CPU.Build.0 = Debug|Any CPU
		{03E0E48C-D68B-46BD-AF71-6AE28EA6D858}.Release|Any CPU.ActiveCfg = Release|Any CPU
		{03E0E48C-D68B-46BD-AF71-6AE28EA6D858}.Release|Any CPU.Build.0 = Release|Any CPU
	EndGlobalSection
	GlobalSection(SolutionProperties) = preSolution
		HideSolutionNode = FALSE
	EndGlobalSection
	GlobalSection(ExtensibilityGlobals) = postSolution
		SolutionGuid = {B983BD73-EEBE-42D7-99A2-13CACD415781}
	EndGlobalSection
EndGlobal
